schema: '2.0'
stages:
  featurization:
    cmd: python featurization.py
    params:
      params.yaml:
        featurization.batch_size: 64
    outs:
    - path: outs/normalization.yaml
      md5: e7dc4280c93bddb02affcf876daf0b70
      size: 166
  process:
    cmd: python process.py
    deps:
    - path: data/raw/alzheimer/
      md5: 21cc482503f15030206a13392238a987.dir
      size: 34730032
      nfiles: 6403
